
Microsoft Visual Studio Solution File, Format Version 12.00
# Visual Studio Version 16
VisualStudioVersion = 16.0.30406.217
MinimumVisualStudioVersion = 10.0.40219.1
Project("{FAE04EC0-301F-11D3-BF4B-00C04F79EFBC}") = "UniversityWebsite", "UniversityWebsite\UniversityWebsite.csproj", "{111A5A2F-9278-4BDE-B8F1-E596357BCF38}"
EndProject
Global
	GlobalSection(SolutionConfigurationPlatforms) = preSolution
		Debug|Any CPU = Debug|Any CPU
		Release|Any CPU = Release|Any CPU
	EndGlobalSection
	GlobalSection(ProjectConfigurationPlatforms) = postSolution
		{111A5A2F-9278-4BDE-B8F1-E596357BCF38}.Debug|Any CPU.ActiveCfg = Debug|Any CPU
		{111A5A2F-9278-4BDE-B8F1-E596357BCF38}.Debug|Any CPU.Build.0 = Debug|Any CPU
		{111A5A2F-9278-4BDE-B8F1-E596357BCF38}.Release|Any CPU.ActiveCfg = Release|Any CPU
		{111A5A2F-9278-4BDE-B8F1-E596357BCF38}.Release|Any CPU.Build.0 = Release|Any CPU
	EndGlobalSection
	GlobalSection(SolutionProperties) = preSolution
		HideSolutionNode = FALSE
	EndGlobalSection
	GlobalSection(ExtensibilityGlobals) = postSolution
		SolutionGuid = {8F61C928-C525-4789-92FC-320AD5BD7D35}
	EndGlobalSection
EndGlobal
